// !$*UTF8*$!
{
	archiveVersion = 1;
	classes = {
	};
	objectVersion = 46;
	objects = {

/* Begin PBXBuildFile section */
		42F946361A434F20000E3289 /* main.m in Sources */ = {isa = PBXBuildFile; fileRef = 42F946351A434F20000E3289 /* main.m */; };
		42F946391A434F20000E3289 /* AppDelegate.m in Sources */ = {isa = PBXBuildFile; fileRef = 42F946381A434F20000E3289 /* AppDelegate.m */; };
		42F9463C1A434F20000E3289 /* ViewController.m in Sources */ = {isa = PBXBuildFile; fileRef = 42F9463B1A434F20000E3289 /* ViewController.m */; };
		42F9463F1A434F20000E3289 /* Main.storyboard in Resources */ = {isa = PBXBuildFile; fileRef = 42F9463D1A434F20000E3289 /* Main.storyboard */; };
		42F946411A434F20000E3289 /* Images.xcassets in Resources */ = {isa = PBXBuildFile; fileRef = 42F946401A434F20000E3289 /* Images.xcassets */; };
		42F946441A434F20000E3289 /* LaunchScreen.xib in Resources */ = {isa = PBXBuildFile; fileRef = 42F946421A434F20000E3289 /* LaunchScreen.xib */; };
		42F946501A434F20000E3289 /* CardMatchingTests.m in Sources */ = {isa = PBXBuildFile; fileRef = 42F9464F1A434F20000E3289 /* CardMatchingTests.m */; };
		42F9465D1A4414B9000E3289 /* Card.m in Sources */ = {isa = PBXBuildFile; fileRef = 42F9465C1A4414B9000E3289 /* Card.m */; };
		42F946601A441961000E3289 /* Deck.m in Sources */ = {isa = PBXBuildFile; fileRef = 42F9465F1A441961000E3289 /* Deck.m */; };
		42F946631A45279D000E3289 /* PlayingCard.m in Sources */ = {isa = PBXBuildFile; fileRef = 42F946621A45279D000E3289 /* PlayingCard.m */; };
		42F946661A4AAA38000E3289 /* PlayingCardDeck.m in Sources */ = {isa = PBXBuildFile; fileRef = 42F946651A4AAA38000E3289 /* PlayingCardDeck.m */; };
		42F946691A5B67B8000E3289 /* CardMatchingGame.m in Sources */ = {isa = PBXBuildFile; fileRef = 42F946681A5B67B8000E3289 /* CardMatchingGame.m */; };
/* End PBXBuildFile section */

/* Begin PBXContainerItemProxy section */
		42F9464A1A434F20000E3289 /* PBXContainerItemProxy */ = {
			isa = PBXContainerItemProxy;
			containerPortal = 42F946281A434F20000E3289 /* Project object */;
			proxyType = 1;
			remoteGlobalIDString = 42F9462F1A434F20000E3289;
			remoteInfo = CardMatching;
		};
/* End PBXContainerItemProxy section */

/* Begin PBXFileReference section */
		42F946301A434F20000E3289 /* CardMatching.app */ = {isa = PBXFileReference; explicitFileType = wrapper.application; includeInIndex = 0; path = CardMatching.app; sourceTree = BUILT_PRODUCTS_DIR; };
		42F946341A434F20000E3289 /* Info.plist */ = {isa = PBXFileReference; lastKnownFileType = text.plist.xml; path = Info.plist; sourceTree = "<group>"; };
		42F946351A434F20000E3289 /* main.m */ = {isa = PBXFileReference; lastKnownFileType = sourcecode.c.objc; path = main.m; sourceTree = "<group>"; };
		42F946371A434F20000E3289 /* AppDelegate.h */ = {isa = PBXFileReference; lastKnownFileType = sourcecode.c.h; path = AppDelegate.h; sourceTree = "<group>"; };
		42F946381A434F20000E3289 /* AppDelegate.m */ = {isa = PBXFileReference; lastKnownFileType = sourcecode.c.objc; path = AppDelegate.m; sourceTree = "<group>"; };
		42F9463A1A434F20000E3289 /* ViewController.h */ = {isa = PBXFileReference; lastKnownFileType = sourcecode.c.h; path = ViewController.h; sourceTree = "<group>"; };
		42F9463B1A434F20000E3289 /* ViewController.m */ = {isa = PBXFileReference; lastKnownFileType = sourcecode.c.objc; path = ViewController.m; sourceTree = "<group>"; };
		42F9463E1A434F20000E3289 /* Base */ = {isa = PBXFileReference; lastKnownFileType = file.storyboard; name = Base; path = Base.lproj/Main.storyboard; sourceTree = "<group>"; };
		42F946401A434F20000E3289 /* Images.xcassets */ = {isa = PBXFileReference; lastKnownFileType = folder.assetcatalog; path = Images.xcassets; sourceTree = "<group>"; };
		42F946431A434F20000E3289 /* Base */ = {isa = PBXFileReference; lastKnownFileType = file.xib; name = Base; path = Base.lproj/LaunchScreen.xib; sourceTree = "<group>"; };
		42F946491A434F20000E3289 /* CardMatchingTests.xctest */ = {isa = PBXFileReference; explicitFileType = wrapper.cfbundle; includeInIndex = 0; path = CardMatchingTests.xctest; sourceTree = BUILT_PRODUCTS_DIR; };
		42F9464E1A434F20000E3289 /* Info.plist */ = {isa = PBXFileReference; lastKnownFileType = text.plist.xml; path = Info.plist; sourceTree = "<group>"; };
		42F9464F1A434F20000E3289 /* CardMatchingTests.m */ = {isa = PBXFileReference; lastKnownFileType = sourcecode.c.objc; path = CardMatchingTests.m; sourceTree = "<group>"; };
		42F9465B1A4414B9000E3289 /* Card.h */ = {isa = PBXFileReference; fileEncoding = 4; lastKnownFileType = sourcecode.c.h; name = Card.h; path = ../Card.h; sourceTree = "<group>"; };
		42F9465C1A4414B9000E3289 /* Card.m */ = {isa = PBXFileReference; fileEncoding = 4; lastKnownFileType = sourcecode.c.objc; name = Card.m; path = ../Card.m; sourceTree = "<group>"; };
		42F9465E1A441961000E3289 /* Deck.h */ = {isa = PBXFileReference; fileEncoding = 4; lastKnownFileType = sourcecode.c.h; name = Deck.h; path = ../Deck.h; sourceTree = "<group>"; };
		42F9465F1A441961000E3289 /* Deck.m */ = {isa = PBXFileReference; fileEncoding = 4; lastKnownFileType = sourcecode.c.objc; name = Deck.m; path = ../Deck.m; sourceTree = "<group>"; };
		42F946611A45279D000E3289 /* PlayingCard.h */ = {isa = PBXFileReference; fileEncoding = 4; lastKnownFileType = sourcecode.c.h; name = PlayingCard.h; path = ../PlayingCard.h; sourceTree = "<group>"; };
		42F946621A45279D000E3289 /* PlayingCard.m */ = {isa = PBXFileReference; fileEncoding = 4; lastKnownFileType = sourcecode.c.objc; name = PlayingCard.m; path = ../PlayingCard.m; sourceTree = "<group>"; };
		42F946641A4AAA38000E3289 /* PlayingCardDeck.h */ = {isa = PBXFileReference; fileEncoding = 4; lastKnownFileType = sourcecode.c.h; name = PlayingCardDeck.h; path = ../PlayingCardDeck.h; sourceTree = "<group>"; };
		42F946651A4AAA38000E3289 /* PlayingCardDeck.m */ = {isa = PBXFileReference; fileEncoding = 4; lastKnownFileType = sourcecode.c.objc; name = PlayingCardDeck.m; path = ../PlayingCardDeck.m; sourceTree = "<group>"; };
		42F946671A5B67B8000E3289 /* CardMatchingGame.h */ = {isa = PBXFileReference; fileEncoding = 4; lastKnownFileType = sourcecode.c.h; path = CardMatchingGame.h; sourceTree = "<group>"; };
		42F946681A5B67B8000E3289 /* CardMatchingGame.m */ = {isa = PBXFileReference; fileEncoding = 4; lastKnownFileType = sourcecode.c.objc; path = CardMatchingGame.m; sourceTree = "<group>"; };
/* End PBXFileReference section */

/* Begin PBXFrameworksBuildPhase section */
		42F9462D1A434F20000E3289 /* Frameworks */ = {
			isa = PBXFrameworksBuildPhase;
			buildActionMask = 2147483647;
			files = (
			);
			runOnlyForDeploymentPostprocessing = 0;
		};
		42F946461A434F20000E3289 /* Frameworks */ = {
			isa = PBXFrameworksBuildPhase;
			buildActionMask = 2147483647;
			files = (
			);
			runOnlyForDeploymentPostprocessing = 0;
		};
/* End PBXFrameworksBuildPhase section */

/* Begin PBXGroup section */
		42F946271A434F20000E3289 = {
			isa = PBXGroup;
			children = (
				42F946321A434F20000E3289 /* CardMatching */,
				42F9464C1A434F20000E3289 /* CardMatchingTests */,
				42F946311A434F20000E3289 /* Products */,
			);
			sourceTree = "<group>";
		};
		42F946311A434F20000E3289 /* Products */ = {
			isa = PBXGroup;
			children = (
				42F946301A434F20000E3289 /* CardMatching.app */,
				42F946491A434F20000E3289 /* CardMatchingTests.xctest */,
			);
			name = Products;
			sourceTree = "<group>";
		};
		42F946321A434F20000E3289 /* CardMatching */ = {
			isa = PBXGroup;
			children = (
				42F9465B1A4414B9000E3289 /* Card.h */,
				42F9465E1A441961000E3289 /* Deck.h */,
				42F946611A45279D000E3289 /* PlayingCard.h */,
				42F946621A45279D000E3289 /* PlayingCard.m */,
				42F946641A4AAA38000E3289 /* PlayingCardDeck.h */,
				42F946651A4AAA38000E3289 /* PlayingCardDeck.m */,
				42F9465F1A441961000E3289 /* Deck.m */,
				42F9465C1A4414B9000E3289 /* Card.m */,
				42F9463A1A434F20000E3289 /* ViewController.h */,
				42F9463B1A434F20000E3289 /* ViewController.m */,
				42F946671A5B67B8000E3289 /* CardMatchingGame.h */,
				42F946681A5B67B8000E3289 /* CardMatchingGame.m */,
				42F9463D1A434F20000E3289 /* Main.storyboard */,
				42F946401A434F20000E3289 /* Images.xcassets */,
				42F946421A434F20000E3289 /* LaunchScreen.xib */,
				42F946331A434F20000E3289 /* Supporting Files */,
			);
			path = CardMatching;
			sourceTree = "<group>";
		};
		42F946331A434F20000E3289 /* Supporting Files */ = {
			isa = PBXGroup;
			children = (
				42F946371A434F20000E3289 /* AppDelegate.h */,
				42F946381A434F20000E3289 /* AppDelegate.m */,
				42F946341A434F20000E3289 /* Info.plist */,
				42F946351A434F20000E3289 /* main.m */,
			);
			name = "Supporting Files";
			sourceTree = "<group>";
		};
		42F9464C1A434F20000E3289 /* CardMatchingTests */ = {
			isa = PBXGroup;
			children = (
				42F9464F1A434F20000E3289 /* CardMatchingTests.m */,
				42F9464D1A434F20000E3289 /* Supporting Files */,
			);
			path = CardMatchingTests;
			sourceTree = "<group>";
		};
		42F9464D1A434F20000E3289 /* Supporting Files */ = {
			isa = PBXGroup;
			children = (
				42F9464E1A434F20000E3289 /* Info.plist */,
			);
			name = "Supporting Files";
			sourceTree = "<group>";
		};
/* End PBXGroup section */

/* Begin PBXNativeTarget section */
		42F9462F1A434F20000E3289 /* CardMatching */ = {
			isa = PBXNativeTarget;
			buildConfigurationList = 42F946531A434F20000E3289 /* Build configuration list for PBXNativeTarget "CardMatching" */;
			buildPhases = (
				42F9462C1A434F20000E3289 /* Sources */,
				42F9462D1A434F20000E3289 /* Frameworks */,
				42F9462E1A434F20000E3289 /* Resources */,
			);
			buildRules = (
			);
			dependencies = (
			);
			name = CardMatching;
			productName = CardMatching;
			productReference = 42F946301A434F20000E3289 /* CardMatching.app */;
			productType = "com.apple.product-type.application";
		};
		42F946481A434F20000E3289 /* CardMatchingTests */ = {
			isa = PBXNativeTarget;
			buildConfigurationList = 42F946561A434F20000E3289 /* Build configuration list for PBXNativeTarget "CardMatchingTests" */;
			buildPhases = (
				42F946451A434F20000E3289 /* Sources */,
				42F946461A434F20000E3289 /* Frameworks */,
				42F946471A434F20000E3289 /* Resources */,
			);
			buildRules = (
			);
			dependencies = (
				42F9464B1A434F20000E3289 /* PBXTargetDependency */,
			);
			name = CardMatchingTests;
			productName = CardMatchingTests;
			productReference = 42F946491A434F20000E3289 /* CardMatchingTests.xctest */;
			productType = "com.apple.product-type.bundle.unit-test";
		};
/* End PBXNativeTarget section */

/* Begin PBXProject section */
		42F946281A434F20000E3289 /* Project object */ = {
			isa = PBXProject;
			attributes = {
				LastUpgradeCheck = 0610;
				ORGANIZATIONNAME = "Tim Acorda";
				TargetAttributes = {
					42F9462F1A434F20000E3289 = {
						CreatedOnToolsVersion = 6.1.1;
					};
					42F946481A434F20000E3289 = {
						CreatedOnToolsVersion = 6.1.1;
						TestTargetID = 42F9462F1A434F20000E3289;
					};
				};
			};
			buildConfigurationList = 42F9462B1A434F20000E3289 /* Build configuration list for PBXProject "CardMatching" */;
			compatibilityVersion = "Xcode 3.2";
			developmentRegion = English;
			hasScannedForEncodings = 0;
			knownRegions = (
				en,
				Base,
			);
			mainGroup = 42F946271A434F20000E3289;
			productRefGroup = 42F946311A434F20000E3289 /* Products */;
			projectDirPath = "";
			projectRoot = "";
			targets = (
				42F9462F1A434F20000E3289 /* CardMatching */,
				42F946481A434F20000E3289 /* CardMatchingTests */,
			);
		};
/* End PBXProject section */

/* Begin PBXResourcesBuildPhase section */
		42F9462E1A434F20000E3289 /* Resources */ = {
			isa = PBXResourcesBuildPhase;
			buildActionMask = 2147483647;
			files = (
				42F9463F1A434F20000E3289 /* Main.storyboard in Resources */,
				42F946441A434F20000E3289 /* LaunchScreen.xib in Resources */,
				42F946411A434F20000E3289 /* Images.xcassets in Resources */,
			);
			runOnlyForDeploymentPostprocessing = 0;
		};
		42F946471A434F20000E3289 /* Resources */ = {
			isa = PBXResourcesBuildPhase;
			buildActionMask = 2147483647;
			files = (
			);
			runOnlyForDeploymentPostprocessing = 0;
		};
/* End PBXResourcesBuildPhase section */

/* Begin PBXSourcesBuildPhase section */
		42F9462C1A434F20000E3289 /* Sources */ = {
			isa = PBXSourcesBuildPhase;
			buildActionMask = 2147483647;
			files = (
				42F946631A45279D000E3289 /* PlayingCard.m in Sources */,
				42F946601A441961000E3289 /* Deck.m in Sources */,
				42F9463C1A434F20000E3289 /* ViewController.m in Sources */,
				42F946391A434F20000E3289 /* AppDelegate.m in Sources */,
				42F946691A5B67B8000E3289 /* CardMatchingGame.m in Sources */,
				42F946661A4AAA38000E3289 /* PlayingCardDeck.m in Sources */,
				42F946361A434F20000E3289 /* main.m in Sources */,
				42F9465D1A4414B9000E3289 /* Card.m in Sources */,
			);
			runOnlyForDeploymentPostprocessing = 0;
		};
		42F946451A434F20000E3289 /* Sources */ = {
			isa = PBXSourcesBuildPhase;
			buildActionMask = 2147483647;
			files = (
				42F946501A434F20000E3289 /* CardMatchingTests.m in Sources */,
			);
			runOnlyForDeploymentPostprocessing = 0;
		};
/* End PBXSourcesBuildPhase section */

/* Begin PBXTargetDependency section */
		42F9464B1A434F20000E3289 /* PBXTargetDependency */ = {
			isa = PBXTargetDependency;
			target = 42F9462F1A434F20000E3289 /* CardMatching */;
			targetProxy = 42F9464A1A434F20000E3289 /* PBXContainerItemProxy */;
		};
/* End PBXTargetDependency section */

/* Begin PBXVariantGroup section */
		42F9463D1A434F20000E3289 /* Main.storyboard */ = {
			isa = PBXVariantGroup;
			children = (
				42F9463E1A434F20000E3289 /* Base */,
			);
			name = Main.storyboard;
			sourceTree = "<group>";
		};
		42F946421A434F20000E3289 /* LaunchScreen.xib */ = {
			isa = PBXVariantGroup;
			children = (
				42F946431A434F20000E3289 /* Base */,
			);
			name = LaunchScreen.xib;
			sourceTree = "<group>";
		};
/* End PBXVariantGroup section */

/* Begin XCBuildConfiguration section */
		42F946511A434F20000E3289 /* Debug */ = {
			isa = XCBuildConfiguration;
			buildSettings = {
				ALWAYS_SEARCH_USER_PATHS = NO;
				CLANG_CXX_LANGUAGE_STANDARD = "gnu++0x";
				CLANG_CXX_LIBRARY = "libc++";
				CLANG_ENABLE_MODULES = YES;
				CLANG_ENABLE_OBJC_ARC = YES;
				CLANG_WARN_BOOL_CONVERSION = YES;
				CLANG_WARN_CONSTANT_CONVERSION = YES;
				CLANG_WARN_DIRECT_OBJC_ISA_USAGE = YES_ERROR;
				CLANG_WARN_EMPTY_BODY = YES;
				CLANG_WARN_ENUM_CONVERSION = YES;
				CLANG_WARN_INT_CONVERSION = YES;
				CLANG_WARN_OBJC_ROOT_CLASS = YES_ERROR;
				CLANG_WARN_UNREACHABLE_CODE = YES;
				CLANG_WARN__DUPLICATE_METHOD_MATCH = YES;
				"CODE_SIGN_IDENTITY[sdk=iphoneos*]" = "iPhone Developer";
				COPY_PHASE_STRIP = NO;
				ENABLE_STRICT_OBJC_MSGSEND = YES;
				GCC_C_LANGUAGE_STANDARD = gnu99;
				GCC_DYNAMIC_NO_PIC = NO;
				GCC_OPTIMIZATION_LEVEL = 0;
				GCC_PREPROCESSOR_DEFINITIONS = (
					"DEBUG=1",
					"$(inherited)",
				);
				GCC_SYMBOLS_PRIVATE_EXTERN = NO;
				GCC_WARN_64_TO_32_BIT_CONVERSION = YES;
				GCC_WARN_ABOUT_RETURN_TYPE = YES_ERROR;
				GCC_WARN_UNDECLARED_SELECTOR = YES;
				GCC_WARN_UNINITIALIZED_AUTOS = YES_AGGRESSIVE;
				GCC_WARN_UNUSED_FUNCTION = YES;
				GCC_WARN_UNUSED_VARIABLE = YES;
				IPHONEOS_DEPLOYMENT_TARGET = 8.1;
				MTL_ENABLE_DEBUG_INFO = YES;
				ONLY_ACTIVE_ARCH = YES;
				SDKROOT = iphoneos;
			};
			name = Debug;
		};
		42F946521A434F20000E3289 /* Release */ = {
			isa = XCBuildConfiguration;
			buildSettings = {
				ALWAYS_SEARCH_USER_PATHS = NO;
				CLANG_CXX_LANGUAGE_STANDARD = "gnu++0x";
				CLANG_CXX_LIBRARY = "libc++";
				CLANG_ENABLE_MODULES = YES;
				CLANG_ENABLE_OBJC_ARC = YES;
				CLANG_WARN_BOOL_CONVERSION = YES;
				CLANG_WARN_CONSTANT_CONVERSION = YES;
				CLANG_WARN_DIRECT_OBJC_ISA_USAGE = YES_ERROR;
				CLANG_WARN_EMPTY_BODY = YES;
				CLANG_WARN_ENUM_CONVERSION = YES;
				CLANG_WARN_INT_CONVERSION = YES;
				CLANG_WARN_OBJC_ROOT_CLASS = YES_ERROR;
				CLANG_WARN_UNREACHABLE_CODE = YES;
				CLANG_WARN__DUPLICATE_METHOD_MATCH = YES;
				"CODE_SIGN_IDENTITY[sdk=iphoneos*]" = "iPhone Developer";
				COPY_PHASE_STRIP = YES;
				ENABLE_NS_ASSERTIONS = NO;
				ENABLE_STRICT_OBJC_MSGSEND = YES;
				GCC_C_LANGUAGE_STANDARD = gnu99;
				GCC_WARN_64_TO_32_BIT_CONVERSION = YES;
				GCC_WARN_ABOUT_RETURN_TYPE = YES_ERROR;
				GCC_WARN_UNDECLARED_SELECTOR = YES;
				GCC_WARN_UNINITIALIZED_AUTOS = YES_AGGRESSIVE;
				GCC_WARN_UNUSED_FUNCTION = YES;
				GCC_WARN_UNUSED_VARIABLE = YES;
				IPHONEOS_DEPLOYMENT_TARGET = 8.1;
				MTL_ENABLE_DEBUG_INFO = NO;
				SDKROOT = iphoneos;
				VALIDATE_PRODUCT = YES;
			};
			name = Release;
		};
		42F946541A434F20000E3289 /* Debug */ = {
			isa = XCBuildConfiguration;
			buildSettings = {
				ASSETCATALOG_COMPILER_APPICON_NAME = AppIcon;
				INFOPLIST_FILE = CardMatching/Info.plist;
				LD_RUNPATH_SEARCH_PATHS = "$(inherited) @executable_path/Frameworks";
				PRODUCT_NAME = "$(TARGET_NAME)";
			};
			name = Debug;
		};
		42F946551A434F20000E3289 /* Release */ = {
			isa = XCBuildConfiguration;
			buildSettings = {
				ASSETCATALOG_COMPILER_APPICON_NAME = AppIcon;
				INFOPLIST_FILE = CardMatching/Info.plist;
				LD_RUNPATH_SEARCH_PATHS = "$(inherited) @executable_path/Frameworks";
				PRODUCT_NAME = "$(TARGET_NAME)";
			};
			name = Release;
		};
		42F946571A434F20000E3289 /* Debug */ = {
			isa = XCBuildConfiguration;
			buildSettings = {
				BUNDLE_LOADER = "$(TEST_HOST)";
				FRAMEWORK_SEARCH_PATHS = (
					"$(SDKROOT)/Developer/Library/Frameworks",
					"$(inherited)",
				);
				GCC_PREPROCESSOR_DEFINITIONS = (
					"DEBUG=1",
					"$(inherited)",
				);
				INFOPLIST_FILE = CardMatchingTests/Info.plist;
				LD_RUNPATH_SEARCH_PATHS = "$(inherited) @executable_path/Frameworks @loader_path/Frameworks";
				PRODUCT_NAME = "$(TARGET_NAME)";
				TEST_HOST = "$(BUILT_PRODUCTS_DIR)/CardMatching.app/CardMatching";
			};
			name = Debug;
		};
		42F946581A434F20000E3289 /* Release */ = {
			isa = XCBuildConfiguration;
			buildSettings = {
				BUNDLE_LOADER = "$(TEST_HOST)";
				FRAMEWORK_SEARCH_PATHS = (
					"$(SDKROOT)/Developer/Library/Frameworks",
					"$(inherited)",
				);
				INFOPLIST_FILE = CardMatchingTests/Info.plist;
				LD_RUNPATH_SEARCH_PATHS = "$(inherited) @executable_path/Frameworks @loader_path/Frameworks";
				PRODUCT_NAME = "$(TARGET_NAME)";
				TEST_HOST = "$(BUILT_PRODUCTS_DIR)/CardMatching.app/CardMatching";
			};
			name = Release;
		};
/* End XCBuildConfiguration section */

/* Begin XCConfigurationList section */
		42F9462B1A434F20000E3289 /* Build configuration list for PBXProject "CardMatching" */ = {
			isa = XCConfigurationList;
			buildConfigurations = (
				42F946511A434F20000E3289 /* Debug */,
				42F946521A434F20000E3289 /* Release */,
			);
			defaultConfigurationIsVisible = 0;
			defaultConfigurationName = Release;
		};
		42F946531A434F20000E3289 /* Build configuration list for PBXNativeTarget "CardMatching" */ = {
			isa = XCConfigurationList;
			buildConfigurations = (
				42F946541A434F20000E3289 /* Debug */,
				42F946551A434F20000E3289 /* Release */,
			);
			defaultConfigurationIsVisible = 0;
			defaultConfigurationName = Release;
		};
		42F946561A434F20000E3289 /* Build configuration list for PBXNativeTarget "CardMatchingTests" */ = {
			isa = XCConfigurationList;
			buildConfigurations = (
				42F946571A434F20000E3289 /* Debug */,
				42F946581A434F20000E3289 /* Release */,
			);
			defaultConfigurationIsVisible = 0;
			defaultConfigurationName = Release;
		};
/* End XCConfigurationList section */
	};
	rootObject = 42F946281A434F20000E3289 /* Project object */;
}
